
Microsoft Visual Studio Solution File, Format Version 12.00
# Visual Studio Version 16
VisualStudioVersion = 16.0.30503.244
MinimumVisualStudioVersion = 10.0.40219.1
Project("{9A19103F-16F7-4668-BE54-9A1E7A4F7556}") = "DAL", "..\DAL\DAL.csproj", "{80AC92D6-84E0-40D1-900F-40141CF65D3C}"
EndProject
Project("{9A19103F-16F7-4668-BE54-9A1E7A4F7556}") = "BLL", "..\BLL\BLL.csproj", "{EE990307-7550-4AF5-8150-C1D63F43E1ED}"
EndProject
Project("{9A19103F-16F7-4668-BE54-9A1E7A4F7556}") = "Console UI", "Console UI\Console UI.csproj", "{B1E0C0A2-CCD4-4D1C-9C14-91E2EB2FFBA4}"
EndProject
Project("{FAE04EC0-301F-11D3-BF4B-00C04F79EFBC}") = "PL", "PL\PL.csproj", "{B937A855-5610-4418-8ACD-35B9E6875F9B}"
EndProject
Global
	GlobalSection(SolutionConfigurationPlatforms) = preSolution
		Debug|Any CPU = Debug|Any CPU
		Release|Any CPU = Release|Any CPU
	EndGlobalSection
	GlobalSection(ProjectConfigurationPlatforms) = postSolution
		{80AC92D6-84E0-40D1-900F-40141CF65D3C}.Debug|Any CPU.ActiveCfg = Debug|Any CPU
		{80AC92D6-84E0-40D1-900F-40141CF65D3C}.Debug|Any CPU.Build.0 = Debug|Any CPU
		{80AC92D6-84E0-40D1-900F-40141CF65D3C}.Release|Any CPU.ActiveCfg = Release|Any CPU
		{80AC92D6-84E0-40D1-900F-40141CF65D3C}.Release|Any CPU.Build.0 = Release|Any CPU
		{EE990307-7550-4AF5-8150-C1D63F43E1ED}.Debug|Any CPU.ActiveCfg = Debug|Any CPU
		{EE990307-7550-4AF5-8150-C1D63F43E1ED}.Debug|Any CPU.Build.0 = Debug|Any CPU
		{EE990307-7550-4AF5-8150-C1D63F43E1ED}.Release|Any CPU.ActiveCfg = Release|Any CPU
		{EE990307-7550-4AF5-8150-C1D63F43E1ED}.Release|Any CPU.Build.0 = Release|Any CPU
		{B1E0C0A2-CCD4-4D1C-9C14-91E2EB2FFBA4}.Debug|Any CPU.ActiveCfg = Debug|Any CPU
		{B1E0C0A2-CCD4-4D1C-9C14-91E2EB2FFBA4}.Debug|Any CPU.Build.0 = Debug|Any CPU
		{B1E0C0A2-CCD4-4D1C-9C14-91E2EB2FFBA4}.Release|Any CPU.ActiveCfg = Release|Any CPU
		{B1E0C0A2-CCD4-4D1C-9C14-91E2EB2FFBA4}.Release|Any CPU.Build.0 = Release|Any CPU
		{B937A855-5610-4418-8ACD-35B9E6875F9B}.Debug|Any CPU.ActiveCfg = Debug|Any CPU
		{B937A855-5610-4418-8ACD-35B9E6875F9B}.Debug|Any CPU.Build.0 = Debug|Any CPU
		{B937A855-5610-4418-8ACD-35B9E6875F9B}.Release|Any CPU.ActiveCfg = Release|Any CPU
		{B937A855-5610-4418-8ACD-35B9E6875F9B}.Release|Any CPU.Build.0 = Release|Any CPU
	EndGlobalSection
	GlobalSection(SolutionProperties) = preSolution
		HideSolutionNode = FALSE
	EndGlobalSection
	GlobalSection(ExtensibilityGlobals) = postSolution
		SolutionGuid = {8C15B34D-A5DA-4069-99F8-C6F5869F9820}
	EndGlobalSection
EndGlobal
